// !$*UTF8*$!
{
	archiveVersion = 1;
	classes = {
	};
	objectVersion = 46;
	objects = {

/* Begin PBXBuildFile section */
		142399D91F860DBC00906E30 /* main.m in Sources */ = {isa = PBXBuildFile; fileRef = 142399D81F860DBC00906E30 /* main.m */; };
		142399DC1F860DBC00906E30 /* AppDelegate.m in Sources */ = {isa = PBXBuildFile; fileRef = 142399DB1F860DBC00906E30 /* AppDelegate.m */; };
		142399DF1F860DBC00906E30 /* ViewController.m in Sources */ = {isa = PBXBuildFile; fileRef = 142399DE1F860DBC00906E30 /* ViewController.m */; };
		142399E21F860DBC00906E30 /* Main.storyboard in Resources */ = {isa = PBXBuildFile; fileRef = 142399E01F860DBC00906E30 /* Main.storyboard */; };
		142399E41F860DBC00906E30 /* Assets.xcassets in Resources */ = {isa = PBXBuildFile; fileRef = 142399E31F860DBC00906E30 /* Assets.xcassets */; };
		142399E71F860DBC00906E30 /* LaunchScreen.storyboard in Resources */ = {isa = PBXBuildFile; fileRef = 142399E51F860DBC00906E30 /* LaunchScreen.storyboard */; };
		144325B21F91E27D0012D7B2 /* DFBrowseImageView.m in Sources */ = {isa = PBXBuildFile; fileRef = 144325B11F91E27D0012D7B2 /* DFBrowseImageView.m */; };
		144325B51F9207A30012D7B2 /* DFBrowseImageManager.m in Sources */ = {isa = PBXBuildFile; fileRef = 144325B41F9207A30012D7B2 /* DFBrowseImageManager.m */; };
		6163FC311FA9B9D5008BCCD0 /* ViewImageInWebView.podspec in Resources */ = {isa = PBXBuildFile; fileRef = 6163FC301FA9B9D5008BCCD0 /* ViewImageInWebView.podspec */; };
		892808C5A468482D7CFD734A /* Pods_ViewImageInWebView.framework in Frameworks */ = {isa = PBXBuildFile; fileRef = 782C00EAB46011B90EEC02D9 /* Pods_ViewImageInWebView.framework */; };
/* End PBXBuildFile section */

/* Begin PBXFileReference section */
		142399D41F860DBC00906E30 /* ViewImageInWebView.app */ = {isa = PBXFileReference; explicitFileType = wrapper.application; includeInIndex = 0; path = ViewImageInWebView.app; sourceTree = BUILT_PRODUCTS_DIR; };
		142399D81F860DBC00906E30 /* main.m */ = {isa = PBXFileReference; lastKnownFileType = sourcecode.c.objc; path = main.m; sourceTree = "<group>"; };
		142399DA1F860DBC00906E30 /* AppDelegate.h */ = {isa = PBXFileReference; lastKnownFileType = sourcecode.c.h; path = AppDelegate.h; sourceTree = "<group>"; };
		142399DB1F860DBC00906E30 /* AppDelegate.m */ = {isa = PBXFileReference; lastKnownFileType = sourcecode.c.objc; path = AppDelegate.m; sourceTree = "<group>"; };
		142399DD1F860DBC00906E30 /* ViewController.h */ = {isa = PBXFileReference; lastKnownFileType = sourcecode.c.h; path = ViewController.h; sourceTree = "<group>"; };
		142399DE1F860DBC00906E30 /* ViewController.m */ = {isa = PBXFileReference; lastKnownFileType = sourcecode.c.objc; path = ViewController.m; sourceTree = "<group>"; };
		142399E11F860DBC00906E30 /* Base */ = {isa = PBXFileReference; lastKnownFileType = file.storyboard; name = Base; path = Base.lproj/Main.storyboard; sourceTree = "<group>"; };
		142399E31F860DBC00906E30 /* Assets.xcassets */ = {isa = PBXFileReference; lastKnownFileType = folder.assetcatalog; path = Assets.xcassets; sourceTree = "<group>"; };
		142399E61F860DBC00906E30 /* Base */ = {isa = PBXFileReference; lastKnownFileType = file.storyboard; name = Base; path = Base.lproj/LaunchScreen.storyboard; sourceTree = "<group>"; };
		142399E81F860DBC00906E30 /* Info.plist */ = {isa = PBXFileReference; lastKnownFileType = text.plist.xml; path = Info.plist; sourceTree = "<group>"; };
		144325B01F91E27D0012D7B2 /* DFBrowseImageView.h */ = {isa = PBXFileReference; fileEncoding = 4; lastKnownFileType = sourcecode.c.h; path = DFBrowseImageView.h; sourceTree = "<group>"; };
		144325B11F91E27D0012D7B2 /* DFBrowseImageView.m */ = {isa = PBXFileReference; fileEncoding = 4; lastKnownFileType = sourcecode.c.objc; path = DFBrowseImageView.m; sourceTree = "<group>"; };
		144325B31F9207A30012D7B2 /* DFBrowseImageManager.h */ = {isa = PBXFileReference; fileEncoding = 4; lastKnownFileType = sourcecode.c.h; path = DFBrowseImageManager.h; sourceTree = "<group>"; };
		144325B41F9207A30012D7B2 /* DFBrowseImageManager.m */ = {isa = PBXFileReference; fileEncoding = 4; lastKnownFileType = sourcecode.c.objc; path = DFBrowseImageManager.m; sourceTree = "<group>"; };
		6163FC301FA9B9D5008BCCD0 /* ViewImageInWebView.podspec */ = {isa = PBXFileReference; fileEncoding = 4; lastKnownFileType = text; path = ViewImageInWebView.podspec; sourceTree = "<group>"; };
		782C00EAB46011B90EEC02D9 /* Pods_ViewImageInWebView.framework */ = {isa = PBXFileReference; explicitFileType = wrapper.framework; includeInIndex = 0; path = Pods_ViewImageInWebView.framework; sourceTree = BUILT_PRODUCTS_DIR; };
		975753CF5431D8F04E75CB93 /* Pods-ViewImageInWebView.debug.xcconfig */ = {isa = PBXFileReference; includeInIndex = 1; lastKnownFileType = text.xcconfig; name = "Pods-ViewImageInWebView.debug.xcconfig"; path = "Pods/Target Support Files/Pods-ViewImageInWebView/Pods-ViewImageInWebView.debug.xcconfig"; sourceTree = "<group>"; };
		ECCA7F66B9BCC485F751979B /* Pods-ViewImageInWebView.release.xcconfig */ = {isa = PBXFileReference; includeInIndex = 1; lastKnownFileType = text.xcconfig; name = "Pods-ViewImageInWebView.release.xcconfig"; path = "Pods/Target Support Files/Pods-ViewImageInWebView/Pods-ViewImageInWebView.release.xcconfig"; sourceTree = "<group>"; };
/* End PBXFileReference section */

/* Begin PBXFrameworksBuildPhase section */
		142399D11F860DBC00906E30 /* Frameworks */ = {
			isa = PBXFrameworksBuildPhase;
			buildActionMask = 2147483647;
			files = (
				892808C5A468482D7CFD734A /* Pods_ViewImageInWebView.framework in Frameworks */,
			);
			runOnlyForDeploymentPostprocessing = 0;
		};
/* End PBXFrameworksBuildPhase section */

/* Begin PBXGroup section */
		142399CB1F860DBC00906E30 = {
			isa = PBXGroup;
			children = (
				6163FC301FA9B9D5008BCCD0 /* ViewImageInWebView.podspec */,
				142399D61F860DBC00906E30 /* ViewImageInWebView */,
				142399D51F860DBC00906E30 /* Products */,
				B65562422D4642FC1CBD2288 /* Pods */,
				5784B618D8C52C8552ACDEA8 /* Frameworks */,
			);
			sourceTree = "<group>";
		};
		142399D51F860DBC00906E30 /* Products */ = {
			isa = PBXGroup;
			children = (
				142399D41F860DBC00906E30 /* ViewImageInWebView.app */,
			);
			name = Products;
			sourceTree = "<group>";
		};
		142399D61F860DBC00906E30 /* ViewImageInWebView */ = {
			isa = PBXGroup;
			children = (
				144325AF1F91E24A0012D7B2 /* DFBrowseImageView */,
				142399DE1F860DBC00906E30 /* ViewController.m */,
				142399DD1F860DBC00906E30 /* ViewController.h */,
				142399D71F860DBC00906E30 /* Supporting Files */,
			);
			path = ViewImageInWebView;
			sourceTree = "<group>";
		};
		142399D71F860DBC00906E30 /* Supporting Files */ = {
			isa = PBXGroup;
			children = (
				142399DA1F860DBC00906E30 /* AppDelegate.h */,
				142399DB1F860DBC00906E30 /* AppDelegate.m */,
				142399E81F860DBC00906E30 /* Info.plist */,
				142399E31F860DBC00906E30 /* Assets.xcassets */,
				142399E51F860DBC00906E30 /* LaunchScreen.storyboard */,
				142399E01F860DBC00906E30 /* Main.storyboard */,
				142399D81F860DBC00906E30 /* main.m */,
			);
			name = "Supporting Files";
			sourceTree = "<group>";
		};
		144325AF1F91E24A0012D7B2 /* DFBrowseImageView */ = {
			isa = PBXGroup;
			children = (
				144325B01F91E27D0012D7B2 /* DFBrowseImageView.h */,
				144325B11F91E27D0012D7B2 /* DFBrowseImageView.m */,
				144325B31F9207A30012D7B2 /* DFBrowseImageManager.h */,
				144325B41F9207A30012D7B2 /* DFBrowseImageManager.m */,
			);
			path = DFBrowseImageView;
			sourceTree = "<group>";
		};
		5784B618D8C52C8552ACDEA8 /* Frameworks */ = {
			isa = PBXGroup;
			children = (
				782C00EAB46011B90EEC02D9 /* Pods_ViewImageInWebView.framework */,
			);
			name = Frameworks;
			sourceTree = "<group>";
		};
		B65562422D4642FC1CBD2288 /* Pods */ = {
			isa = PBXGroup;
			children = (
				975753CF5431D8F04E75CB93 /* Pods-ViewImageInWebView.debug.xcconfig */,
				ECCA7F66B9BCC485F751979B /* Pods-ViewImageInWebView.release.xcconfig */,
			);
			name = Pods;
			sourceTree = "<group>";
		};
/* End PBXGroup section */

/* Begin PBXNativeTarget section */
		142399D31F860DBC00906E30 /* ViewImageInWebView */ = {
			isa = PBXNativeTarget;
			buildConfigurationList = 142399EB1F860DBC00906E30 /* Build configuration list for PBXNativeTarget "ViewImageInWebView" */;
			buildPhases = (
				D373BA4C1EE736EB5598E463 /* [CP] Check Pods Manifest.lock */,
				142399D01F860DBC00906E30 /* Sources */,
				142399D11F860DBC00906E30 /* Frameworks */,
				142399D21F860DBC00906E30 /* Resources */,
				D50B2FFF0B941FC18CCBAE7F /* [CP] Embed Pods Frameworks */,
				64450D73884D66760CD0C4EA /* [CP] Copy Pods Resources */,
			);
			buildRules = (
			);
			dependencies = (
			);
			name = ViewImageInWebView;
			productName = ViewImageInWebView;
			productReference = 142399D41F860DBC00906E30 /* ViewImageInWebView.app */;
			productType = "com.apple.product-type.application";
		};
/* End PBXNativeTarget section */

/* Begin PBXProject section */
		142399CC1F860DBC00906E30 /* Project object */ = {
			isa = PBXProject;
			attributes = {
				LastUpgradeCheck = 0830;
				ORGANIZATIONNAME = fdai;
				TargetAttributes = {
					142399D31F860DBC00906E30 = {
						CreatedOnToolsVersion = 8.3.1;
						DevelopmentTeam = 485NBRU9KM;
						ProvisioningStyle = Automatic;
					};
				};
			};
			buildConfigurationList = 142399CF1F860DBC00906E30 /* Build configuration list for PBXProject "ViewImageInWebView" */;
			compatibilityVersion = "Xcode 3.2";
			developmentRegion = English;
			hasScannedForEncodings = 0;
			knownRegions = (
				en,
				Base,
			);
			mainGroup = 142399CB1F860DBC00906E30;
			productRefGroup = 142399D51F860DBC00906E30 /* Products */;
			projectDirPath = "";
			projectRoot = "";
			targets = (
				142399D31F860DBC00906E30 /* ViewImageInWebView */,
			);
		};
/* End PBXProject section */

/* Begin PBXResourcesBuildPhase section */
		142399D21F860DBC00906E30 /* Resources */ = {
			isa = PBXResourcesBuildPhase;
			buildActionMask = 2147483647;
			files = (
				6163FC311FA9B9D5008BCCD0 /* ViewImageInWebView.podspec in Resources */,
				142399E71F860DBC00906E30 /* LaunchScreen.storyboard in Resources */,
				142399E41F860DBC00906E30 /* Assets.xcassets in Resources */,
				142399E21F860DBC00906E30 /* Main.storyboard in Resources */,
			);
			runOnlyForDeploymentPostprocessing = 0;
		};
/* End PBXResourcesBuildPhase section */

/* Begin PBXShellScriptBuildPhase section */
		64450D73884D66760CD0C4EA /* [CP] Copy Pods Resources */ = {
			isa = PBXShellScriptBuildPhase;
			buildActionMask = 2147483647;
			files = (
			);
			inputPaths = (
			);
			name = "[CP] Copy Pods Resources";
			outputPaths = (
			);
			runOnlyForDeploymentPostprocessing = 0;
			shellPath = /bin/sh;
			shellScript = "\"${SRCROOT}/Pods/Target Support Files/Pods-ViewImageInWebView/Pods-ViewImageInWebView-resources.sh\"\n";
			showEnvVarsInLog = 0;
		};
		D373BA4C1EE736EB5598E463 /* [CP] Check Pods Manifest.lock */ = {
			isa = PBXShellScriptBuildPhase;
			buildActionMask = 2147483647;
			files = (
			);
			inputPaths = (
			);
			name = "[CP] Check Pods Manifest.lock";
			outputPaths = (
			);
			runOnlyForDeploymentPostprocessing = 0;
			shellPath = /bin/sh;
			shellScript = "diff \"${PODS_PODFILE_DIR_PATH}/Podfile.lock\" \"${PODS_ROOT}/Manifest.lock\" > /dev/null\nif [ $? != 0 ] ; then\n    # print error to STDERR\n    echo \"error: The sandbox is not in sync with the Podfile.lock. Run 'pod install' or update your CocoaPods installation.\" >&2\n    exit 1\nfi\n";
			showEnvVarsInLog = 0;
		};
		D50B2FFF0B941FC18CCBAE7F /* [CP] Embed Pods Frameworks */ = {
			isa = PBXShellScriptBuildPhase;
			buildActionMask = 2147483647;
			files = (
			);
			inputPaths = (
			);
			name = "[CP] Embed Pods Frameworks";
			outputPaths = (
			);
			runOnlyForDeploymentPostprocessing = 0;
			shellPath = /bin/sh;
			shellScript = "\"${SRCROOT}/Pods/Target Support Files/Pods-ViewImageInWebView/Pods-ViewImageInWebView-frameworks.sh\"\n";
			showEnvVarsInLog = 0;
		};
/* End PBXShellScriptBuildPhase section */

/* Begin PBXSourcesBuildPhase section */
		142399D01F860DBC00906E30 /* Sources */ = {
			isa = PBXSourcesBuildPhase;
			buildActionMask = 2147483647;
			files = (
				144325B21F91E27D0012D7B2 /* DFBrowseImageView.m in Sources */,
				142399DF1F860DBC00906E30 /* ViewController.m in Sources */,
				142399DC1F860DBC00906E30 /* AppDelegate.m in Sources */,
				144325B51F9207A30012D7B2 /* DFBrowseImageManager.m in Sources */,
				142399D91F860DBC00906E30 /* main.m in Sources */,
			);
			runOnlyForDeploymentPostprocessing = 0;
		};
/* End PBXSourcesBuildPhase section */

/* Begin PBXVariantGroup section */
		142399E01F860DBC00906E30 /* Main.storyboard */ = {
			isa = PBXVariantGroup;
			children = (
				142399E11F860DBC00906E30 /* Base */,
			);
			name = Main.storyboard;
			sourceTree = "<group>";
		};
		142399E51F860DBC00906E30 /* LaunchScreen.storyboard */ = {
			isa = PBXVariantGroup;
			children = (
				142399E61F860DBC00906E30 /* Base */,
			);
			name = LaunchScreen.storyboard;
			sourceTree = "<group>";
		};
/* End PBXVariantGroup section */

/* Begin XCBuildConfiguration section */
		142399E91F860DBC00906E30 /* Debug */ = {
			isa = XCBuildConfiguration;
			buildSettings = {
				ALWAYS_SEARCH_USER_PATHS = NO;
				CLANG_ANALYZER_NONNULL = YES;
				CLANG_ANALYZER_NUMBER_OBJECT_CONVERSION = YES_AGGRESSIVE;
				CLANG_CXX_LANGUAGE_STANDARD = "gnu++0x";
				CLANG_CXX_LIBRARY = "libc++";
				CLANG_ENABLE_MODULES = YES;
				CLANG_ENABLE_OBJC_ARC = YES;
				CLANG_WARN_BOOL_CONVERSION = YES;
				CLANG_WARN_CONSTANT_CONVERSION = YES;
				CLANG_WARN_DIRECT_OBJC_ISA_USAGE = YES_ERROR;
				CLANG_WARN_DOCUMENTATION_COMMENTS = YES;
				CLANG_WARN_EMPTY_BODY = YES;
				CLANG_WARN_ENUM_CONVERSION = YES;
				CLANG_WARN_INFINITE_RECURSION = YES;
				CLANG_WARN_INT_CONVERSION = YES;
				CLANG_WARN_OBJC_ROOT_CLASS = YES_ERROR;
				CLANG_WARN_SUSPICIOUS_MOVE = YES;
				CLANG_WARN_UNREACHABLE_CODE = YES;
				CLANG_WARN__DUPLICATE_METHOD_MATCH = YES;
				"CODE_SIGN_IDENTITY[sdk=iphoneos*]" = "iPhone Developer";
				COPY_PHASE_STRIP = NO;
				DEBUG_INFORMATION_FORMAT = dwarf;
				ENABLE_STRICT_OBJC_MSGSEND = YES;
				ENABLE_TESTABILITY = YES;
				GCC_C_LANGUAGE_STANDARD = gnu99;
				GCC_DYNAMIC_NO_PIC = NO;
				GCC_NO_COMMON_BLOCKS = YES;
				GCC_OPTIMIZATION_LEVEL = 0;
				GCC_PREPROCESSOR_DEFINITIONS = (
					"DEBUG=1",
					"$(inherited)",
				);
				GCC_WARN_64_TO_32_BIT_CONVERSION = YES;
				GCC_WARN_ABOUT_RETURN_TYPE = YES_ERROR;
				GCC_WARN_UNDECLARED_SELECTOR = YES;
				GCC_WARN_UNINITIALIZED_AUTOS = YES_AGGRESSIVE;
				GCC_WARN_UNUSED_FUNCTION = YES;
				GCC_WARN_UNUSED_VARIABLE = YES;
				IPHONEOS_DEPLOYMENT_TARGET = 10.3;
				MTL_ENABLE_DEBUG_INFO = YES;
				ONLY_ACTIVE_ARCH = YES;
				SDKROOT = iphoneos;
				TARGETED_DEVICE_FAMILY = "1,2";
			};
			name = Debug;
		};
		142399EA1F860DBC00906E30 /* Release */ = {
			isa = XCBuildConfiguration;
			buildSettings = {
				ALWAYS_SEARCH_USER_PATHS = NO;
				CLANG_ANALYZER_NONNULL = YES;
				CLANG_ANALYZER_NUMBER_OBJECT_CONVERSION = YES_AGGRESSIVE;
				CLANG_CXX_LANGUAGE_STANDARD = "gnu++0x";
				CLANG_CXX_LIBRARY = "libc++";
				CLANG_ENABLE_MODULES = YES;
				CLANG_ENABLE_OBJC_ARC = YES;
				CLANG_WARN_BOOL_CONVERSION = YES;
				CLANG_WARN_CONSTANT_CONVERSION = YES;
				CLANG_WARN_DIRECT_OBJC_ISA_USAGE = YES_ERROR;
				CLANG_WARN_DOCUMENTATION_COMMENTS = YES;
				CLANG_WARN_EMPTY_BODY = YES;
				CLANG_WARN_ENUM_CONVERSION = YES;
				CLANG_WARN_INFINITE_RECURSION = YES;
				CLANG_WARN_INT_CONVERSION = YES;
				CLANG_WARN_OBJC_ROOT_CLASS = YES_ERROR;
				CLANG_WARN_SUSPICIOUS_MOVE = YES;
				CLANG_WARN_UNREACHABLE_CODE = YES;
				CLANG_WARN__DUPLICATE_METHOD_MATCH = YES;
				"CODE_SIGN_IDENTITY[sdk=iphoneos*]" = "iPhone Developer";
				COPY_PHASE_STRIP = NO;
				DEBUG_INFORMATION_FORMAT = "dwarf-with-dsym";
				ENABLE_NS_ASSERTIONS = NO;
				ENABLE_STRICT_OBJC_MSGSEND = YES;
				GCC_C_LANGUAGE_STANDARD = gnu99;
				GCC_NO_COMMON_BLOCKS = YES;
				GCC_WARN_64_TO_32_BIT_CONVERSION = YES;
				GCC_WARN_ABOUT_RETURN_TYPE = YES_ERROR;
				GCC_WARN_UNDECLARED_SELECTOR = YES;
				GCC_WARN_UNINITIALIZED_AUTOS = YES_AGGRESSIVE;
				GCC_WARN_UNUSED_FUNCTION = YES;
				GCC_WARN_UNUSED_VARIABLE = YES;
				IPHONEOS_DEPLOYMENT_TARGET = 10.3;
				MTL_ENABLE_DEBUG_INFO = NO;
				SDKROOT = iphoneos;
				TARGETED_DEVICE_FAMILY = "1,2";
				VALIDATE_PRODUCT = YES;
			};
			name = Release;
		};
		142399EC1F860DBC00906E30 /* Debug */ = {
			isa = XCBuildConfiguration;
			baseConfigurationReference = 975753CF5431D8F04E75CB93 /* Pods-ViewImageInWebView.debug.xcconfig */;
			buildSettings = {
				ASSETCATALOG_COMPILER_APPICON_NAME = AppIcon;
				DEVELOPMENT_TEAM = 485NBRU9KM;
				FRAMEWORK_SEARCH_PATHS = (
					"$(PROJECT_DIR)",
					"$(inherited)",
					"\"$PODS_CONFIGURATION_BUILD_DIR/SDWebImage\"",
				);
				INFOPLIST_FILE = ViewImageInWebView/Info.plist;
				IPHONEOS_DEPLOYMENT_TARGET = 8.0;
				LD_RUNPATH_SEARCH_PATHS = "$(inherited) @executable_path/Frameworks";
				LIBRARY_SEARCH_PATHS = "";
				PRODUCT_BUNDLE_IDENTIFIER = com.svendai.ViewImageInWebView;
				PRODUCT_NAME = "$(TARGET_NAME)";
				USER_HEADER_SEARCH_PATHS = "${SRCROOT}/**";
			};
			name = Debug;
		};
		142399ED1F860DBC00906E30 /* Release */ = {
			isa = XCBuildConfiguration;
			baseConfigurationReference = ECCA7F66B9BCC485F751979B /* Pods-ViewImageInWebView.release.xcconfig */;
			buildSettings = {
				ASSETCATALOG_COMPILER_APPICON_NAME = AppIcon;
				DEVELOPMENT_TEAM = 485NBRU9KM;
				FRAMEWORK_SEARCH_PATHS = (
					"$(PROJECT_DIR)",
					"$(inherited)",
					"\"$PODS_CONFIGURATION_BUILD_DIR/SDWebImage\"",
				);
				INFOPLIST_FILE = ViewImageInWebView/Info.plist;
				IPHONEOS_DEPLOYMENT_TARGET = 8.0;
				LD_RUNPATH_SEARCH_PATHS = "$(inherited) @executable_path/Frameworks";
				LIBRARY_SEARCH_PATHS = "";
				PRODUCT_BUNDLE_IDENTIFIER = com.svendai.ViewImageInWebView;
				PRODUCT_NAME = "$(TARGET_NAME)";
				USER_HEADER_SEARCH_PATHS = "${SRCROOT}/**";
			};
			name = Release;
		};
/* End XCBuildConfiguration section */

/* Begin XCConfigurationList section */
		142399CF1F860DBC00906E30 /* Build configuration list for PBXProject "ViewImageInWebView" */ = {
			isa = XCConfigurationList;
			buildConfigurations = (
				142399E91F860DBC00906E30 /* Debug */,
				142399EA1F860DBC00906E30 /* Release */,
			);
			defaultConfigurationIsVisible = 0;
			defaultConfigurationName = Release;
		};
		142399EB1F860DBC00906E30 /* Build configuration list for PBXNativeTarget "ViewImageInWebView" */ = {
			isa = XCConfigurationList;
			buildConfigurations = (
				142399EC1F860DBC00906E30 /* Debug */,
				142399ED1F860DBC00906E30 /* Release */,
			);
			defaultConfigurationIsVisible = 0;
			defaultConfigurationName = Release;
		};
/* End XCConfigurationList section */
	};
	rootObject = 142399CC1F860DBC00906E30 /* Project object */;
}
